
Microsoft Visual Studio Solution File, Format Version 12.00
# Visual Studio Version 16
VisualStudioVersion = 16.0.29728.190
MinimumVisualStudioVersion = 10.0.40219.1
Project("{9A19103F-16F7-4668-BE54-9A1E7A4F7556}") = "alphadinCore", "alphadinCore\alphadinCore.csproj", "{32ADEE61-F3FA-40E8-A8FA-E7E3F6C91F45}"
EndProject
Project("{FAE04EC0-301F-11D3-BF4B-00C04F79EFBC}") = "Database", "Database\Database.csproj", "{C30961E6-38AB-4FEB-A835-B3F2E4F85183}"
EndProject
Project("{FAE04EC0-301F-11D3-BF4B-00C04F79EFBC}") = "DatabaseValidation", "DatabaseValidation\DatabaseValidation.csproj", "{DC37E1C6-2180-48BA-8EF5-76A4B9598C8F}"
EndProject
Project("{FAE04EC0-301F-11D3-BF4B-00C04F79EFBC}") = "Services", "Services\Services.csproj", "{6946B76A-64AB-475A-802C-5581BD0BA11C}"
EndProject
Global
	GlobalSection(SolutionConfigurationPlatforms) = preSolution
		Debug|Any CPU = Debug|Any CPU
		Release|Any CPU = Release|Any CPU
	EndGlobalSection
	GlobalSection(ProjectConfigurationPlatforms) = postSolution
		{32ADEE61-F3FA-40E8-A8FA-E7E3F6C91F45}.Debug|Any CPU.ActiveCfg = Debug|Any CPU
		{32ADEE61-F3FA-40E8-A8FA-E7E3F6C91F45}.Debug|Any CPU.Build.0 = Debug|Any CPU
		{32ADEE61-F3FA-40E8-A8FA-E7E3F6C91F45}.Release|Any CPU.ActiveCfg = Release|Any CPU
		{32ADEE61-F3FA-40E8-A8FA-E7E3F6C91F45}.Release|Any CPU.Build.0 = Release|Any CPU
		{C30961E6-38AB-4FEB-A835-B3F2E4F85183}.Debug|Any CPU.ActiveCfg = Debug|Any CPU
		{C30961E6-38AB-4FEB-A835-B3F2E4F85183}.Debug|Any CPU.Build.0 = Debug|Any CPU
		{C30961E6-38AB-4FEB-A835-B3F2E4F85183}.Release|Any CPU.ActiveCfg = Release|Any CPU
		{C30961E6-38AB-4FEB-A835-B3F2E4F85183}.Release|Any CPU.Build.0 = Release|Any CPU
		{DC37E1C6-2180-48BA-8EF5-76A4B9598C8F}.Debug|Any CPU.ActiveCfg = Debug|Any CPU
		{DC37E1C6-2180-48BA-8EF5-76A4B9598C8F}.Debug|Any CPU.Build.0 = Debug|Any CPU
		{DC37E1C6-2180-48BA-8EF5-76A4B9598C8F}.Release|Any CPU.ActiveCfg = Release|Any CPU
		{DC37E1C6-2180-48BA-8EF5-76A4B9598C8F}.Release|Any CPU.Build.0 = Release|Any CPU
		{6946B76A-64AB-475A-802C-5581BD0BA11C}.Debug|Any CPU.ActiveCfg = Debug|Any CPU
		{6946B76A-64AB-475A-802C-5581BD0BA11C}.Debug|Any CPU.Build.0 = Debug|Any CPU
		{6946B76A-64AB-475A-802C-5581BD0BA11C}.Release|Any CPU.ActiveCfg = Release|Any CPU
		{6946B76A-64AB-475A-802C-5581BD0BA11C}.Release|Any CPU.Build.0 = Release|Any CPU
	EndGlobalSection
	GlobalSection(SolutionProperties) = preSolution
		HideSolutionNode = FALSE
	EndGlobalSection
	GlobalSection(ExtensibilityGlobals) = postSolution
		SolutionGuid = {3D461BEA-6DF3-48FD-8C0E-71727CE0F9CE}
	EndGlobalSection
EndGlobal
