
Microsoft Visual Studio Solution File, Format Version 12.00
# Visual Studio Version 16
VisualStudioVersion = 16.0.29728.190
MinimumVisualStudioVersion = 10.0.40219.1
Project("{FAE04EC0-301F-11D3-BF4B-00C04F79EFBC}") = "alphadinCore", "alphadinCore\alphadinCore.csproj", "{32ADEE61-F3FA-40E8-A8FA-E7E3F6C91F45}"
EndProject
Global
	GlobalSection(SolutionConfigurationPlatforms) = preSolution
		Debug|Any CPU = Debug|Any CPU
		Release|Any CPU = Release|Any CPU
	EndGlobalSection
	GlobalSection(ProjectConfigurationPlatforms) = postSolution
		{32ADEE61-F3FA-40E8-A8FA-E7E3F6C91F45}.Debug|Any CPU.ActiveCfg = Debug|Any CPU
		{32ADEE61-F3FA-40E8-A8FA-E7E3F6C91F45}.Debug|Any CPU.Build.0 = Debug|Any CPU
		{32ADEE61-F3FA-40E8-A8FA-E7E3F6C91F45}.Release|Any CPU.ActiveCfg = Release|Any CPU
		{32ADEE61-F3FA-40E8-A8FA-E7E3F6C91F45}.Release|Any CPU.Build.0 = Release|Any CPU
	EndGlobalSection
	GlobalSection(SolutionProperties) = preSolution
		HideSolutionNode = FALSE
	EndGlobalSection
	GlobalSection(ExtensibilityGlobals) = postSolution
		SolutionGuid = {3D461BEA-6DF3-48FD-8C0E-71727CE0F9CE}
	EndGlobalSection
EndGlobal
